PODS:
  - Reusable (4.1.1):
    - Reusable/Storyboard (= 4.1.1)
    - Reusable/View (= 4.1.1)
  - Reusable/Storyboard (4.1.1)
  - Reusable/View (4.1.1)
  - RxCells (0.5.0):
    - Reusable (~> 4.0)
    - RxCocoa (~> 5.0)
    - RxSwift (~> 5.0)
  - RxCocoa (5.1.1):
    - RxRelay (~> 5)
    - RxSwift (~> 5)
  - RxOptional (4.1.0):
    - RxCocoa (~> 5)
    - RxSwift (~> 5)
  - RxRelay (5.1.1):
    - RxSwift (~> 5)
  - RxSwift (5.1.1)
  - RxSwiftExt (5.2.0):
    - RxSwiftExt/Core (= 5.2.0)
    - RxSwiftExt/RxCocoa (= 5.2.0)
  - RxSwiftExt/Core (5.2.0):
    - RxSwift (~> 5.0)
  - RxSwiftExt/RxCocoa (5.2.0):
    - RxCocoa (~> 5.0)
    - RxSwiftExt/Core
  - RxSwiftUtilities (2.2.0):
    - RxCocoa (~> 5.1)
    - RxSwift (~> 5.1)
  - Swinject (2.7.1)

DEPENDENCIES:
  - RxCells
  - RxCocoa
  - RxOptional
  - RxRelay
  - RxSwift
  - RxSwiftExt
  - RxSwiftUtilities
  - Swinject

SPEC REPOS:
  trunk:
    - Reusable
    - RxCells
    - RxCocoa
    - RxOptional
    - RxRelay
    - RxSwift
    - RxSwiftExt
    - RxSwiftUtilities
    - Swinject

SPEC CHECKSUMS:
  Reusable: 53a9acf5c536f229b31b5865782414b508252ddb
  RxCells: bdf6673a05f8ee58b3dd7b28c3e236da7b5e0e98
  RxCocoa: 32065309a38d29b5b0db858819b5bf9ef038b601
  RxOptional: b1fcd60856807a564c0215c2184b8d33e7826dc2
  RxRelay: d77f7d771495f43c556cbc43eebd1bb54d01e8e9
  RxSwift: 81470a2074fa8780320ea5fe4102807cb7118178
  RxSwiftExt: 4ca80336f43c28f11a2825cdd2fc61dd6c044697
  RxSwiftUtilities: 59e2d82daf74b9962f732b09e6da85a26281cfc0
  Swinject: ddf78b8486dd9b71a667b852cad919ab4484478e

PODFILE CHECKSUM: a5c4caab2a2980d14ae626d64419b3678fc5d574

COCOAPODS: 1.10.0
