// !$*UTF8*$!
{
	archiveVersion = 1;
	classes = {
	};
	objectVersion = 51;
	objects = {

/* Begin PBXBuildFile section */
		38216D792585066700DA8EA1 /* TableViewCell.swift in Sources */ = {isa = PBXBuildFile; fileRef = 38216D782585066700DA8EA1 /* TableViewCell.swift */; };
		38216D7B258506D900DA8EA1 /* TimeCell.swift in Sources */ = {isa = PBXBuildFile; fileRef = 38216D7A258506D900DA8EA1 /* TimeCell.swift */; };
		38216D7D258517E200DA8EA1 /* SearchResultCell.swift in Sources */ = {isa = PBXBuildFile; fileRef = 38216D7C258517E200DA8EA1 /* SearchResultCell.swift */; };
		38216DA025851D3200DA8EA1 /* SearchResultDetailsViewController.swift in Sources */ = {isa = PBXBuildFile; fileRef = 38216D9E25851D3200DA8EA1 /* SearchResultDetailsViewController.swift */; };
		38216DA125851D3200DA8EA1 /* SearchResultDetailsUI.swift in Sources */ = {isa = PBXBuildFile; fileRef = 38216D9F25851D3200DA8EA1 /* SearchResultDetailsUI.swift */; };
		38216DA325852FBD00DA8EA1 /* LineStopPointCell.swift in Sources */ = {isa = PBXBuildFile; fileRef = 38216DA225852FBD00DA8EA1 /* LineStopPointCell.swift */; };
		38216DA52585300A00DA8EA1 /* SearchResultDetailsCellFactory.swift in Sources */ = {isa = PBXBuildFile; fileRef = 38216DA42585300A00DA8EA1 /* SearchResultDetailsCellFactory.swift */; };
		38216DBA25854F2800DA8EA1 /* StopPointCell.swift in Sources */ = {isa = PBXBuildFile; fileRef = 38216DB925854F2800DA8EA1 /* StopPointCell.swift */; };
		383D00D125867C0500E2D969 /* FavoriteStopPointCell.swift in Sources */ = {isa = PBXBuildFile; fileRef = 383D00D025867C0500E2D969 /* FavoriteStopPointCell.swift */; };
		384A31ED253C726500438F7D /* MainViewController.swift in Sources */ = {isa = PBXBuildFile; fileRef = 384A31EC253C726500438F7D /* MainViewController.swift */; };
		384C11FB25D050A9008327EF /* WidgetKit.framework in Frameworks */ = {isa = PBXBuildFile; fileRef = 384C11FA25D050A9008327EF /* WidgetKit.framework */; };
		384C11FD25D050A9008327EF /* SwiftUI.framework in Frameworks */ = {isa = PBXBuildFile; fileRef = 384C11FC25D050A9008327EF /* SwiftUI.framework */; };
		384C120325D050AA008327EF /* Assets.xcassets in Resources */ = {isa = PBXBuildFile; fileRef = 384C120225D050AA008327EF /* Assets.xcassets */; };
		384C120525D050AA008327EF /* Widget.intentdefinition in Sources */ = {isa = PBXBuildFile; fileRef = 384C120125D050A9008327EF /* Widget.intentdefinition */; };
		384C120625D050AA008327EF /* Widget.intentdefinition in Sources */ = {isa = PBXBuildFile; fileRef = 384C120125D050A9008327EF /* Widget.intentdefinition */; };
		384C120925D050AA008327EF /* WidgetExtension.appex in Embed App Extensions */ = {isa = PBXBuildFile; fileRef = 384C11F925D050A9008327EF /* WidgetExtension.appex */; settings = {ATTRIBUTES = (RemoveHeadersOnCopy, ); }; };
		384C120F25D050E9008327EF /* Localizable.strings in Resources */ = {isa = PBXBuildFile; fileRef = 38BD7581257D42FC00D2F1A8 /* Localizable.strings */; };
		384C121125D050F0008327EF /* L10n.swift in Sources */ = {isa = PBXBuildFile; fileRef = 38BD7583257D444800D2F1A8 /* L10n.swift */; };
		384C121425D05139008327EF /* Widgets.swift in Sources */ = {isa = PBXBuildFile; fileRef = 384C121325D05139008327EF /* Widgets.swift */; };
		384C121725D051B3008327EF /* FavoriteWidget.swift in Sources */ = {isa = PBXBuildFile; fileRef = 384C121625D051B3008327EF /* FavoriteWidget.swift */; };
		384C121C25D052C2008327EF /* FavoriteTimelineProvider.swift in Sources */ = {isa = PBXBuildFile; fileRef = 384C121B25D052C2008327EF /* FavoriteTimelineProvider.swift */; };
		384C122125D0537C008327EF /* Data.framework in Frameworks */ = {isa = PBXBuildFile; fileRef = 384C121F25D0537C008327EF /* Data.framework */; };
		384C122225D0537C008327EF /* Data.framework in Embed Frameworks */ = {isa = PBXBuildFile; fileRef = 384C121F25D0537C008327EF /* Data.framework */; settings = {ATTRIBUTES = (CodeSignOnCopy, RemoveHeadersOnCopy, ); }; };
		384C122325D0537C008327EF /* Domain.framework in Frameworks */ = {isa = PBXBuildFile; fileRef = 384C122025D0537C008327EF /* Domain.framework */; };
		384C122425D0537C008327EF /* Domain.framework in Embed Frameworks */ = {isa = PBXBuildFile; fileRef = 384C122025D0537C008327EF /* Domain.framework */; settings = {ATTRIBUTES = (CodeSignOnCopy, RemoveHeadersOnCopy, ); }; };
		384C122725D05469008327EF /* FavoriteWidgetView.swift in Sources */ = {isa = PBXBuildFile; fileRef = 384C122625D05469008327EF /* FavoriteWidgetView.swift */; };
		384C122925D05646008327EF /* FavoriteWidgetEntry.swift in Sources */ = {isa = PBXBuildFile; fileRef = 384C122825D05646008327EF /* FavoriteWidgetEntry.swift */; };
		3854FCB7258A81130004BCF1 /* GoogleService-Info.plist in Resources */ = {isa = PBXBuildFile; fileRef = 3854FCB6258A81120004BCF1 /* GoogleService-Info.plist */; };
		3882A5A725B221DE00FF111D /* UIImageExtensions.swift in Sources */ = {isa = PBXBuildFile; fileRef = 3882A5A625B221DE00FF111D /* UIImageExtensions.swift */; };
		3882A5A925B2261600FF111D /* FooterLoader.swift in Sources */ = {isa = PBXBuildFile; fileRef = 3882A5A825B2261600FF111D /* FooterLoader.swift */; };
		3882A5BB25B3100500FF111D /* VehicleTypeView.swift in Sources */ = {isa = PBXBuildFile; fileRef = 3882A5BA25B3100500FF111D /* VehicleTypeView.swift */; };
		3882A5BE25B3103C00FF111D /* PlaceholderDecorator.swift in Sources */ = {isa = PBXBuildFile; fileRef = 3882A5BD25B3103C00FF111D /* PlaceholderDecorator.swift */; };
		3882A5C025B3109A00FF111D /* NavigationBar.swift in Sources */ = {isa = PBXBuildFile; fileRef = 3882A5BF25B3109A00FF111D /* NavigationBar.swift */; };
		3882A5C225B310B700FF111D /* TabBarItem.swift in Sources */ = {isa = PBXBuildFile; fileRef = 3882A5C125B310B700FF111D /* TabBarItem.swift */; };
		3882A5C425B310FE00FF111D /* SearchFooterDecorator.swift in Sources */ = {isa = PBXBuildFile; fileRef = 3882A5C325B310FE00FF111D /* SearchFooterDecorator.swift */; };
		3882A5C625B3112600FF111D /* UISearchBarExtensions.swift in Sources */ = {isa = PBXBuildFile; fileRef = 3882A5C525B3112600FF111D /* UISearchBarExtensions.swift */; };
		3882A5C825B3116C00FF111D /* NSAttributedStringExtensions.swift in Sources */ = {isa = PBXBuildFile; fileRef = 3882A5C725B3116C00FF111D /* NSAttributedStringExtensions.swift */; };
		3882A5CA25B3119800FF111D /* DefaultTableViewStyle.swift in Sources */ = {isa = PBXBuildFile; fileRef = 3882A5C925B3119800FF111D /* DefaultTableViewStyle.swift */; };
		3882A5CC25B311BD00FF111D /* FavoriteButtonDecorator.swift in Sources */ = {isa = PBXBuildFile; fileRef = 3882A5CB25B311BD00FF111D /* FavoriteButtonDecorator.swift */; };
		3896D3D425B35FA1004341A9 /* MessageView.swift in Sources */ = {isa = PBXBuildFile; fileRef = 3896D3D325B35FA1004341A9 /* MessageView.swift */; };
		3896D3D625B369FA004341A9 /* SegmentedControlStyle.swift in Sources */ = {isa = PBXBuildFile; fileRef = 3896D3D525B369FA004341A9 /* SegmentedControlStyle.swift */; };
		3896D3D825B36A23004341A9 /* SearchBarStyle.swift in Sources */ = {isa = PBXBuildFile; fileRef = 3896D3D725B36A23004341A9 /* SearchBarStyle.swift */; };
		38BD754D257D3A6500D2F1A8 /* TimesViewController.swift in Sources */ = {isa = PBXBuildFile; fileRef = 38BD754B257D3A6500D2F1A8 /* TimesViewController.swift */; };
		38BD754E257D3A6500D2F1A8 /* TimesUI.swift in Sources */ = {isa = PBXBuildFile; fileRef = 38BD754C257D3A6500D2F1A8 /* TimesUI.swift */; };
		38BD7551257D3DD700D2F1A8 /* View.swift in Sources */ = {isa = PBXBuildFile; fileRef = 38BD7550257D3DD700D2F1A8 /* View.swift */; };
		38BD7553257D3E0B00D2F1A8 /* ViewController.swift in Sources */ = {isa = PBXBuildFile; fileRef = 38BD7552257D3E0B00D2F1A8 /* ViewController.swift */; };
		38BD755D257D3F8B00D2F1A8 /* FavoritesViewController.swift in Sources */ = {isa = PBXBuildFile; fileRef = 38BD755B257D3F8B00D2F1A8 /* FavoritesViewController.swift */; };
		38BD755E257D3F8B00D2F1A8 /* FavoritesUI.swift in Sources */ = {isa = PBXBuildFile; fileRef = 38BD755C257D3F8B00D2F1A8 /* FavoritesUI.swift */; };
		38BD7568257D400000D2F1A8 /* SearchViewController.swift in Sources */ = {isa = PBXBuildFile; fileRef = 38BD7566257D400000D2F1A8 /* SearchViewController.swift */; };
		38BD7569257D400000D2F1A8 /* SearchUI.swift in Sources */ = {isa = PBXBuildFile; fileRef = 38BD7567257D400000D2F1A8 /* SearchUI.swift */; };
		38BD7573257D406600D2F1A8 /* MapViewController.swift in Sources */ = {isa = PBXBuildFile; fileRef = 38BD7571257D406600D2F1A8 /* MapViewController.swift */; };
		38BD7574257D406600D2F1A8 /* MapUI.swift in Sources */ = {isa = PBXBuildFile; fileRef = 38BD7572257D406600D2F1A8 /* MapUI.swift */; };
		38BD7577257D419400D2F1A8 /* UIView+AutoLayout.swift in Sources */ = {isa = PBXBuildFile; fileRef = 38BD7576257D419400D2F1A8 /* UIView+AutoLayout.swift */; };
		38BD757F257D42FC00D2F1A8 /* Localizable.strings in Resources */ = {isa = PBXBuildFile; fileRef = 38BD7581257D42FC00D2F1A8 /* Localizable.strings */; };
		38BD7585257D444800D2F1A8 /* L10n.swift in Sources */ = {isa = PBXBuildFile; fileRef = 38BD7583257D444800D2F1A8 /* L10n.swift */; };
		38BD7586257D444800D2F1A8 /* Assets.swift in Sources */ = {isa = PBXBuildFile; fileRef = 38BD7584257D444800D2F1A8 /* Assets.swift */; };
		38C8F81C257E3F720010FEC8 /* UIEdgeInsetsExtensions.swift in Sources */ = {isa = PBXBuildFile; fileRef = 38C8F81B257E3F720010FEC8 /* UIEdgeInsetsExtensions.swift */; };
		38C8F81F257E3F980010FEC8 /* StopPointAnnotation.swift in Sources */ = {isa = PBXBuildFile; fileRef = 38C8F81E257E3F980010FEC8 /* StopPointAnnotation.swift */; };
		38C8F821257E3FB60010FEC8 /* StopPointAnnotationView.swift in Sources */ = {isa = PBXBuildFile; fileRef = 38C8F820257E3FB60010FEC8 /* StopPointAnnotationView.swift */; };
		38C8F823257E3FED0010FEC8 /* StopPointClusterAnnotationView.swift in Sources */ = {isa = PBXBuildFile; fileRef = 38C8F822257E3FED0010FEC8 /* StopPointClusterAnnotationView.swift */; };
		38C8F826257E6AA60010FEC8 /* InfoPlist.strings in Resources */ = {isa = PBXBuildFile; fileRef = 38C8F828257E6AA60010FEC8 /* InfoPlist.strings */; };
		38CA52D1253C50D000AD5AEC /* AppDelegate.swift in Sources */ = {isa = PBXBuildFile; fileRef = 38CA52D0253C50D000AD5AEC /* AppDelegate.swift */; };
		38CA52DA253C50D300AD5AEC /* Assets.xcassets in Resources */ = {isa = PBXBuildFile; fileRef = 38CA52D9253C50D300AD5AEC /* Assets.xcassets */; };
		38CA533A253C6C4E00AD5AEC /* LaunchScreen.storyboard in Resources */ = {isa = PBXBuildFile; fileRef = 38CA5338253C6C4D00AD5AEC /* LaunchScreen.storyboard */; };
		38CA533B253C6C4E00AD5AEC /* Main.storyboard in Resources */ = {isa = PBXBuildFile; fileRef = 38CA5339253C6C4E00AD5AEC /* Main.storyboard */; };
		38CA5340253C6CAC00AD5AEC /* Data.framework in Frameworks */ = {isa = PBXBuildFile; fileRef = 38CA533E253C6CAC00AD5AEC /* Data.framework */; };
		38CA5341253C6CAC00AD5AEC /* Data.framework in Embed Frameworks */ = {isa = PBXBuildFile; fileRef = 38CA533E253C6CAC00AD5AEC /* Data.framework */; settings = {ATTRIBUTES = (CodeSignOnCopy, RemoveHeadersOnCopy, ); }; };
		38CA5342253C6CAC00AD5AEC /* Domain.framework in Frameworks */ = {isa = PBXBuildFile; fileRef = 38CA533F253C6CAC00AD5AEC /* Domain.framework */; };
		38CA5343253C6CAC00AD5AEC /* Domain.framework in Embed Frameworks */ = {isa = PBXBuildFile; fileRef = 38CA533F253C6CAC00AD5AEC /* Domain.framework */; settings = {ATTRIBUTES = (CodeSignOnCopy, RemoveHeadersOnCopy, ); }; };
		38D6E75F258E5D9C0010956B /* PlaceholderView.swift in Sources */ = {isa = PBXBuildFile; fileRef = 38D6E75E258E5D9C0010956B /* PlaceholderView.swift */; };
		38D6E761258E64B90010956B /* RoundedRectView.swift in Sources */ = {isa = PBXBuildFile; fileRef = 38D6E760258E64B90010956B /* RoundedRectView.swift */; };
		38E9BF0225869F32001B9F19 /* Constants.swift in Sources */ = {isa = PBXBuildFile; fileRef = 38E9BF0125869F32001B9F19 /* Constants.swift */; };
		38E9BF042586A11E001B9F19 /* AppFont.swift in Sources */ = {isa = PBXBuildFile; fileRef = 38E9BF032586A11E001B9F19 /* AppFont.swift */; };
		D668C85709D6C440D29C7144 /* Pods_App.framework in Frameworks */ = {isa = PBXBuildFile; fileRef = EAFAED00A9EB54FD607CEDE6 /* Pods_App.framework */; };
/* End PBXBuildFile section */

/* Begin PBXContainerItemProxy section */
		384C120725D050AA008327EF /* PBXContainerItemProxy */ = {
			isa = PBXContainerItemProxy;
			containerPortal = 38CA52C5253C50D000AD5AEC /* Project object */;
			proxyType = 1;
			remoteGlobalIDString = 384C11F825D050A9008327EF;
			remoteInfo = WidgetExtension;
		};
/* End PBXContainerItemProxy section */

/* Begin PBXCopyFilesBuildPhase section */
		384C120A25D050AA008327EF /* Embed App Extensions */ = {
			isa = PBXCopyFilesBuildPhase;
			buildActionMask = 2147483647;
			dstPath = "";
			dstSubfolderSpec = 13;
			files = (
				384C120925D050AA008327EF /* WidgetExtension.appex in Embed App Extensions */,
			);
			name = "Embed App Extensions";
			runOnlyForDeploymentPostprocessing = 0;
		};
		384C122525D0537C008327EF /* Embed Frameworks */ = {
			isa = PBXCopyFilesBuildPhase;
			buildActionMask = 2147483647;
			dstPath = "";
			dstSubfolderSpec = 10;
			files = (
				384C122425D0537C008327EF /* Domain.framework in Embed Frameworks */,
				384C122225D0537C008327EF /* Data.framework in Embed Frameworks */,
			);
			name = "Embed Frameworks";
			runOnlyForDeploymentPostprocessing = 0;
		};
		38CA5344253C6CAC00AD5AEC /* Embed Frameworks */ = {
			isa = PBXCopyFilesBuildPhase;
			buildActionMask = 2147483647;
			dstPath = "";
			dstSubfolderSpec = 10;
			files = (
				38CA5343253C6CAC00AD5AEC /* Domain.framework in Embed Frameworks */,
				38CA5341253C6CAC00AD5AEC /* Data.framework in Embed Frameworks */,
			);
			name = "Embed Frameworks";
			runOnlyForDeploymentPostprocessing = 0;
		};
/* End PBXCopyFilesBuildPhase section */

/* Begin PBXFileReference section */
		38216D782585066700DA8EA1 /* TableViewCell.swift */ = {isa = PBXFileReference; lastKnownFileType = sourcecode.swift; path = TableViewCell.swift; sourceTree = "<group>"; };
		38216D7A258506D900DA8EA1 /* TimeCell.swift */ = {isa = PBXFileReference; lastKnownFileType = sourcecode.swift; path = TimeCell.swift; sourceTree = "<group>"; };
		38216D7C258517E200DA8EA1 /* SearchResultCell.swift */ = {isa = PBXFileReference; lastKnownFileType = sourcecode.swift; path = SearchResultCell.swift; sourceTree = "<group>"; };
		38216D9E25851D3200DA8EA1 /* SearchResultDetailsViewController.swift */ = {isa = PBXFileReference; lastKnownFileType = sourcecode.swift; path = SearchResultDetailsViewController.swift; sourceTree = "<group>"; };
		38216D9F25851D3200DA8EA1 /* SearchResultDetailsUI.swift */ = {isa = PBXFileReference; lastKnownFileType = sourcecode.swift; path = SearchResultDetailsUI.swift; sourceTree = "<group>"; };
		38216DA225852FBD00DA8EA1 /* LineStopPointCell.swift */ = {isa = PBXFileReference; lastKnownFileType = sourcecode.swift; path = LineStopPointCell.swift; sourceTree = "<group>"; };
		38216DA42585300A00DA8EA1 /* SearchResultDetailsCellFactory.swift */ = {isa = PBXFileReference; lastKnownFileType = sourcecode.swift; path = SearchResultDetailsCellFactory.swift; sourceTree = "<group>"; };
		38216DB925854F2800DA8EA1 /* StopPointCell.swift */ = {isa = PBXFileReference; lastKnownFileType = sourcecode.swift; path = StopPointCell.swift; sourceTree = "<group>"; };
		383D00D025867C0500E2D969 /* FavoriteStopPointCell.swift */ = {isa = PBXFileReference; lastKnownFileType = sourcecode.swift; path = FavoriteStopPointCell.swift; sourceTree = "<group>"; };
		384A31EC253C726500438F7D /* MainViewController.swift */ = {isa = PBXFileReference; lastKnownFileType = sourcecode.swift; path = MainViewController.swift; sourceTree = "<group>"; };
		384C11F925D050A9008327EF /* WidgetExtension.appex */ = {isa = PBXFileReference; explicitFileType = "wrapper.app-extension"; includeInIndex = 0; path = WidgetExtension.appex; sourceTree = BUILT_PRODUCTS_DIR; };
		384C11FA25D050A9008327EF /* WidgetKit.framework */ = {isa = PBXFileReference; lastKnownFileType = wrapper.framework; name = WidgetKit.framework; path = System/Library/Frameworks/WidgetKit.framework; sourceTree = SDKROOT; };
		384C11FC25D050A9008327EF /* SwiftUI.framework */ = {isa = PBXFileReference; lastKnownFileType = wrapper.framework; name = SwiftUI.framework; path = System/Library/Frameworks/SwiftUI.framework; sourceTree = SDKROOT; };
		384C120125D050A9008327EF /* Widget.intentdefinition */ = {isa = PBXFileReference; lastKnownFileType = file.intentdefinition; path = Widget.intentdefinition; sourceTree = "<group>"; };
		384C120225D050AA008327EF /* Assets.xcassets */ = {isa = PBXFileReference; lastKnownFileType = folder.assetcatalog; path = Assets.xcassets; sourceTree = "<group>"; };
		384C120425D050AA008327EF /* Info.plist */ = {isa = PBXFileReference; lastKnownFileType = text.plist.xml; path = Info.plist; sourceTree = "<group>"; };
		384C121325D05139008327EF /* Widgets.swift */ = {isa = PBXFileReference; lastKnownFileType = sourcecode.swift; path = Widgets.swift; sourceTree = "<group>"; };
		384C121625D051B3008327EF /* FavoriteWidget.swift */ = {isa = PBXFileReference; lastKnownFileType = sourcecode.swift; path = FavoriteWidget.swift; sourceTree = "<group>"; };
		384C121B25D052C2008327EF /* FavoriteTimelineProvider.swift */ = {isa = PBXFileReference; lastKnownFileType = sourcecode.swift; path = FavoriteTimelineProvider.swift; sourceTree = "<group>"; };
		384C121F25D0537C008327EF /* Data.framework */ = {isa = PBXFileReference; explicitFileType = wrapper.framework; path = Data.framework; sourceTree = BUILT_PRODUCTS_DIR; };
		384C122025D0537C008327EF /* Domain.framework */ = {isa = PBXFileReference; explicitFileType = wrapper.framework; path = Domain.framework; sourceTree = BUILT_PRODUCTS_DIR; };
		384C122625D05469008327EF /* FavoriteWidgetView.swift */ = {isa = PBXFileReference; lastKnownFileType = sourcecode.swift; path = FavoriteWidgetView.swift; sourceTree = "<group>"; };
		384C122825D05646008327EF /* FavoriteWidgetEntry.swift */ = {isa = PBXFileReference; lastKnownFileType = sourcecode.swift; path = FavoriteWidgetEntry.swift; sourceTree = "<group>"; };
		3854FCB6258A81120004BCF1 /* GoogleService-Info.plist */ = {isa = PBXFileReference; fileEncoding = 4; lastKnownFileType = text.plist.xml; path = "GoogleService-Info.plist"; sourceTree = "<group>"; };
		3882A5A625B221DE00FF111D /* UIImageExtensions.swift */ = {isa = PBXFileReference; lastKnownFileType = sourcecode.swift; path = UIImageExtensions.swift; sourceTree = "<group>"; };
		3882A5A825B2261600FF111D /* FooterLoader.swift */ = {isa = PBXFileReference; lastKnownFileType = sourcecode.swift; path = FooterLoader.swift; sourceTree = "<group>"; };
		3882A5BA25B3100500FF111D /* VehicleTypeView.swift */ = {isa = PBXFileReference; lastKnownFileType = sourcecode.swift; path = VehicleTypeView.swift; sourceTree = "<group>"; };
		3882A5BD25B3103C00FF111D /* PlaceholderDecorator.swift */ = {isa = PBXFileReference; lastKnownFileType = sourcecode.swift; path = PlaceholderDecorator.swift; sourceTree = "<group>"; };
		3882A5BF25B3109A00FF111D /* NavigationBar.swift */ = {isa = PBXFileReference; lastKnownFileType = sourcecode.swift; path = NavigationBar.swift; sourceTree = "<group>"; };
		3882A5C125B310B700FF111D /* TabBarItem.swift */ = {isa = PBXFileReference; lastKnownFileType = sourcecode.swift; path = TabBarItem.swift; sourceTree = "<group>"; };
		3882A5C325B310FE00FF111D /* SearchFooterDecorator.swift */ = {isa = PBXFileReference; lastKnownFileType = sourcecode.swift; path = SearchFooterDecorator.swift; sourceTree = "<group>"; };
		3882A5C525B3112600FF111D /* UISearchBarExtensions.swift */ = {isa = PBXFileReference; lastKnownFileType = sourcecode.swift; path = UISearchBarExtensions.swift; sourceTree = "<group>"; };
		3882A5C725B3116C00FF111D /* NSAttributedStringExtensions.swift */ = {isa = PBXFileReference; lastKnownFileType = sourcecode.swift; path = NSAttributedStringExtensions.swift; sourceTree = "<group>"; };
		3882A5C925B3119800FF111D /* DefaultTableViewStyle.swift */ = {isa = PBXFileReference; lastKnownFileType = sourcecode.swift; path = DefaultTableViewStyle.swift; sourceTree = "<group>"; };
		3882A5CB25B311BD00FF111D /* FavoriteButtonDecorator.swift */ = {isa = PBXFileReference; lastKnownFileType = sourcecode.swift; path = FavoriteButtonDecorator.swift; sourceTree = "<group>"; };
		3896D3D325B35FA1004341A9 /* MessageView.swift */ = {isa = PBXFileReference; lastKnownFileType = sourcecode.swift; path = MessageView.swift; sourceTree = "<group>"; };
		3896D3D525B369FA004341A9 /* SegmentedControlStyle.swift */ = {isa = PBXFileReference; lastKnownFileType = sourcecode.swift; path = SegmentedControlStyle.swift; sourceTree = "<group>"; };
		3896D3D725B36A23004341A9 /* SearchBarStyle.swift */ = {isa = PBXFileReference; lastKnownFileType = sourcecode.swift; path = SearchBarStyle.swift; sourceTree = "<group>"; };
		38BD754B257D3A6500D2F1A8 /* TimesViewController.swift */ = {isa = PBXFileReference; lastKnownFileType = sourcecode.swift; path = TimesViewController.swift; sourceTree = "<group>"; };
		38BD754C257D3A6500D2F1A8 /* TimesUI.swift */ = {isa = PBXFileReference; lastKnownFileType = sourcecode.swift; path = TimesUI.swift; sourceTree = "<group>"; };
		38BD7550257D3DD700D2F1A8 /* View.swift */ = {isa = PBXFileReference; lastKnownFileType = sourcecode.swift; path = View.swift; sourceTree = "<group>"; };
		38BD7552257D3E0B00D2F1A8 /* ViewController.swift */ = {isa = PBXFileReference; lastKnownFileType = sourcecode.swift; path = ViewController.swift; sourceTree = "<group>"; };
		38BD755B257D3F8B00D2F1A8 /* FavoritesViewController.swift */ = {isa = PBXFileReference; lastKnownFileType = sourcecode.swift; path = FavoritesViewController.swift; sourceTree = "<group>"; };
		38BD755C257D3F8B00D2F1A8 /* FavoritesUI.swift */ = {isa = PBXFileReference; lastKnownFileType = sourcecode.swift; path = FavoritesUI.swift; sourceTree = "<group>"; };
		38BD7566257D400000D2F1A8 /* SearchViewController.swift */ = {isa = PBXFileReference; lastKnownFileType = sourcecode.swift; path = SearchViewController.swift; sourceTree = "<group>"; };
		38BD7567257D400000D2F1A8 /* SearchUI.swift */ = {isa = PBXFileReference; lastKnownFileType = sourcecode.swift; path = SearchUI.swift; sourceTree = "<group>"; };
		38BD7571257D406600D2F1A8 /* MapViewController.swift */ = {isa = PBXFileReference; lastKnownFileType = sourcecode.swift; path = MapViewController.swift; sourceTree = "<group>"; };
		38BD7572257D406600D2F1A8 /* MapUI.swift */ = {isa = PBXFileReference; lastKnownFileType = sourcecode.swift; path = MapUI.swift; sourceTree = "<group>"; };
		38BD7576257D419400D2F1A8 /* UIView+AutoLayout.swift */ = {isa = PBXFileReference; lastKnownFileType = sourcecode.swift; path = "UIView+AutoLayout.swift"; sourceTree = "<group>"; };
		38BD7580257D42FC00D2F1A8 /* en */ = {isa = PBXFileReference; lastKnownFileType = text.plist.strings; name = en; path = en.lproj/Localizable.strings; sourceTree = "<group>"; };
		38BD7583257D444800D2F1A8 /* L10n.swift */ = {isa = PBXFileReference; fileEncoding = 4; lastKnownFileType = sourcecode.swift; path = L10n.swift; sourceTree = "<group>"; };
		38BD7584257D444800D2F1A8 /* Assets.swift */ = {isa = PBXFileReference; fileEncoding = 4; lastKnownFileType = sourcecode.swift; path = Assets.swift; sourceTree = "<group>"; };
		38C8F81B257E3F720010FEC8 /* UIEdgeInsetsExtensions.swift */ = {isa = PBXFileReference; lastKnownFileType = sourcecode.swift; path = UIEdgeInsetsExtensions.swift; sourceTree = "<group>"; };
		38C8F81E257E3F980010FEC8 /* StopPointAnnotation.swift */ = {isa = PBXFileReference; lastKnownFileType = sourcecode.swift; path = StopPointAnnotation.swift; sourceTree = "<group>"; };
		38C8F820257E3FB60010FEC8 /* StopPointAnnotationView.swift */ = {isa = PBXFileReference; lastKnownFileType = sourcecode.swift; path = StopPointAnnotationView.swift; sourceTree = "<group>"; };
		38C8F822257E3FED0010FEC8 /* StopPointClusterAnnotationView.swift */ = {isa = PBXFileReference; lastKnownFileType = sourcecode.swift; path = StopPointClusterAnnotationView.swift; sourceTree = "<group>"; };
		38C8F827257E6AA60010FEC8 /* en */ = {isa = PBXFileReference; lastKnownFileType = text.plist.strings; name = en; path = en.lproj/InfoPlist.strings; sourceTree = "<group>"; };
		38CA52CD253C50D000AD5AEC /* App.app */ = {isa = PBXFileReference; explicitFileType = wrapper.application; includeInIndex = 0; path = App.app; sourceTree = BUILT_PRODUCTS_DIR; };
		38CA52D0253C50D000AD5AEC /* AppDelegate.swift */ = {isa = PBXFileReference; lastKnownFileType = sourcecode.swift; path = AppDelegate.swift; sourceTree = "<group>"; };
		38CA52D9253C50D300AD5AEC /* Assets.xcassets */ = {isa = PBXFileReference; lastKnownFileType = folder.assetcatalog; path = Assets.xcassets; sourceTree = "<group>"; };
		38CA52DE253C50D300AD5AEC /* Info.plist */ = {isa = PBXFileReference; lastKnownFileType = text.plist.xml; path = Info.plist; sourceTree = "<group>"; };
		38CA5338253C6C4D00AD5AEC /* LaunchScreen.storyboard */ = {isa = PBXFileReference; fileEncoding = 4; lastKnownFileType = file.storyboard; path = LaunchScreen.storyboard; sourceTree = "<group>"; };
		38CA5339253C6C4E00AD5AEC /* Main.storyboard */ = {isa = PBXFileReference; fileEncoding = 4; lastKnownFileType = file.storyboard; path = Main.storyboard; sourceTree = "<group>"; };
		38CA533E253C6CAC00AD5AEC /* Data.framework */ = {isa = PBXFileReference; explicitFileType = wrapper.framework; path = Data.framework; sourceTree = BUILT_PRODUCTS_DIR; };
		38CA533F253C6CAC00AD5AEC /* Domain.framework */ = {isa = PBXFileReference; explicitFileType = wrapper.framework; path = Domain.framework; sourceTree = BUILT_PRODUCTS_DIR; };
		38D6E75E258E5D9C0010956B /* PlaceholderView.swift */ = {isa = PBXFileReference; lastKnownFileType = sourcecode.swift; path = PlaceholderView.swift; sourceTree = "<group>"; };
		38D6E760258E64B90010956B /* RoundedRectView.swift */ = {isa = PBXFileReference; lastKnownFileType = sourcecode.swift; path = RoundedRectView.swift; sourceTree = "<group>"; };
		38E9BF0125869F32001B9F19 /* Constants.swift */ = {isa = PBXFileReference; lastKnownFileType = sourcecode.swift; path = Constants.swift; sourceTree = "<group>"; };
		38E9BF032586A11E001B9F19 /* AppFont.swift */ = {isa = PBXFileReference; lastKnownFileType = sourcecode.swift; path = AppFont.swift; sourceTree = "<group>"; };
		38FFE54F25B460F50069471D /* pl */ = {isa = PBXFileReference; lastKnownFileType = text.plist.strings; name = pl; path = pl.lproj/InfoPlist.strings; sourceTree = "<group>"; };
		38FFE55025B460F50069471D /* pl */ = {isa = PBXFileReference; lastKnownFileType = text.plist.strings; name = pl; path = pl.lproj/Localizable.strings; sourceTree = "<group>"; };
		45E517D43A3897C444F27E8A /* Pods-App.debug.xcconfig */ = {isa = PBXFileReference; includeInIndex = 1; lastKnownFileType = text.xcconfig; name = "Pods-App.debug.xcconfig"; path = "Target Support Files/Pods-App/Pods-App.debug.xcconfig"; sourceTree = "<group>"; };
		D5555032B6B9E71D42F0C2B9 /* Pods-App.release.xcconfig */ = {isa = PBXFileReference; includeInIndex = 1; lastKnownFileType = text.xcconfig; name = "Pods-App.release.xcconfig"; path = "Target Support Files/Pods-App/Pods-App.release.xcconfig"; sourceTree = "<group>"; };
		EAFAED00A9EB54FD607CEDE6 /* Pods_App.framework */ = {isa = PBXFileReference; explicitFileType = wrapper.framework; includeInIndex = 0; path = Pods_App.framework; sourceTree = BUILT_PRODUCTS_DIR; };
/* End PBXFileReference section */

/* Begin PBXFrameworksBuildPhase section */
		384C11F625D050A9008327EF /* Frameworks */ = {
			isa = PBXFrameworksBuildPhase;
			buildActionMask = 2147483647;
			files = (
				384C122325D0537C008327EF /* Domain.framework in Frameworks */,
				384C122125D0537C008327EF /* Data.framework in Frameworks */,
				384C11FD25D050A9008327EF /* SwiftUI.framework in Frameworks */,
				384C11FB25D050A9008327EF /* WidgetKit.framework in Frameworks */,
			);
			runOnlyForDeploymentPostprocessing = 0;
		};
		38CA52CA253C50D000AD5AEC /* Frameworks */ = {
			isa = PBXFrameworksBuildPhase;
			buildActionMask = 2147483647;
			files = (
				38CA5342253C6CAC00AD5AEC /* Domain.framework in Frameworks */,
				38CA5340253C6CAC00AD5AEC /* Data.framework in Frameworks */,
				D668C85709D6C440D29C7144 /* Pods_App.framework in Frameworks */,
			);
			runOnlyForDeploymentPostprocessing = 0;
		};
/* End PBXFrameworksBuildPhase section */

/* Begin PBXGroup section */
		38216D9D25851D2800DA8EA1 /* SearchResultDetails */ = {
			isa = PBXGroup;
			children = (
				38216DA225852FBD00DA8EA1 /* LineStopPointCell.swift */,
				38216DA42585300A00DA8EA1 /* SearchResultDetailsCellFactory.swift */,
				38216D9F25851D3200DA8EA1 /* SearchResultDetailsUI.swift */,
				38216D9E25851D3200DA8EA1 /* SearchResultDetailsViewController.swift */,
				38216DB925854F2800DA8EA1 /* StopPointCell.swift */,
			);
			path = SearchResultDetails;
			sourceTree = "<group>";
		};
		384A31E9253C6F5800438F7D /* Views */ = {
			isa = PBXGroup;
			children = (
				38BD754F257D3DD100D2F1A8 /* Base */,
				38BD755A257D3F8400D2F1A8 /* Favorites */,
				384A31EB253C724E00438F7D /* Main */,
				38BD7570257D406000D2F1A8 /* Map */,
				38BD7565257D3FFA00D2F1A8 /* Search */,
				38216D9D25851D2800DA8EA1 /* SearchResultDetails */,
				38BD7536257D383E00D2F1A8 /* Times */,
				38CA52D0253C50D000AD5AEC /* AppDelegate.swift */,
				38CA5338253C6C4D00AD5AEC /* LaunchScreen.storyboard */,
				3896D3D325B35FA1004341A9 /* MessageView.swift */,
				38D6E75E258E5D9C0010956B /* PlaceholderView.swift */,
				38D6E760258E64B90010956B /* RoundedRectView.swift */,
			);
			path = Views;
			sourceTree = "<group>";
		};
		384A31EA253C6F7900438F7D /* Resources */ = {
			isa = PBXGroup;
			children = (
				38BD7584257D444800D2F1A8 /* Assets.swift */,
				38CA52D9253C50D300AD5AEC /* Assets.xcassets */,
				38C8F828257E6AA60010FEC8 /* InfoPlist.strings */,
				38BD7583257D444800D2F1A8 /* L10n.swift */,
				38BD7581257D42FC00D2F1A8 /* Localizable.strings */,
			);
			path = Resources;
			sourceTree = "<group>";
		};
		384A31EB253C724E00438F7D /* Main */ = {
			isa = PBXGroup;
			children = (
				38CA5339253C6C4E00AD5AEC /* Main.storyboard */,
				384A31EC253C726500438F7D /* MainViewController.swift */,
				3882A5C125B310B700FF111D /* TabBarItem.swift */,
			);
			path = Main;
			sourceTree = "<group>";
		};
		384C11FE25D050A9008327EF /* Widget */ = {
			isa = PBXGroup;
			children = (
				384C120125D050A9008327EF /* Widget.intentdefinition */,
				384C120225D050AA008327EF /* Assets.xcassets */,
				384C120425D050AA008327EF /* Info.plist */,
				384C121325D05139008327EF /* Widgets.swift */,
				384C121625D051B3008327EF /* FavoriteWidget.swift */,
				384C121B25D052C2008327EF /* FavoriteTimelineProvider.swift */,
				384C122625D05469008327EF /* FavoriteWidgetView.swift */,
				384C122825D05646008327EF /* FavoriteWidgetEntry.swift */,
			);
			path = Widget;
			sourceTree = "<group>";
		};
		3882A5BC25B3103300FF111D /* Utils */ = {
			isa = PBXGroup;
			children = (
				3882A5C925B3119800FF111D /* DefaultTableViewStyle.swift */,
				3882A5A825B2261600FF111D /* FooterLoader.swift */,
				3882A5BF25B3109A00FF111D /* NavigationBar.swift */,
				3882A5BD25B3103C00FF111D /* PlaceholderDecorator.swift */,
				3896D3D525B369FA004341A9 /* SegmentedControlStyle.swift */,
			);
			path = Utils;
			sourceTree = "<group>";
		};
		38BD7536257D383E00D2F1A8 /* Times */ = {
			isa = PBXGroup;
			children = (
				3882A5CB25B311BD00FF111D /* FavoriteButtonDecorator.swift */,
				38216D7A258506D900DA8EA1 /* TimeCell.swift */,
				38BD754C257D3A6500D2F1A8 /* TimesUI.swift */,
				38BD754B257D3A6500D2F1A8 /* TimesViewController.swift */,
			);
			path = Times;
			sourceTree = "<group>";
		};
		38BD754F257D3DD100D2F1A8 /* Base */ = {
			isa = PBXGroup;
			children = (
				38216D782585066700DA8EA1 /* TableViewCell.swift */,
				38BD7550257D3DD700D2F1A8 /* View.swift */,
				38BD7552257D3E0B00D2F1A8 /* ViewController.swift */,
			);
			path = Base;
			sourceTree = "<group>";
		};
		38BD755A257D3F8400D2F1A8 /* Favorites */ = {
			isa = PBXGroup;
			children = (
				383D00D025867C0500E2D969 /* FavoriteStopPointCell.swift */,
				38BD755C257D3F8B00D2F1A8 /* FavoritesUI.swift */,
				38BD755B257D3F8B00D2F1A8 /* FavoritesViewController.swift */,
				3882A5BA25B3100500FF111D /* VehicleTypeView.swift */,
			);
			path = Favorites;
			sourceTree = "<group>";
		};
		38BD7565257D3FFA00D2F1A8 /* Search */ = {
			isa = PBXGroup;
			children = (
				3896D3D725B36A23004341A9 /* SearchBarStyle.swift */,
				3882A5C325B310FE00FF111D /* SearchFooterDecorator.swift */,
				38216D7C258517E200DA8EA1 /* SearchResultCell.swift */,
				38BD7567257D400000D2F1A8 /* SearchUI.swift */,
				38BD7566257D400000D2F1A8 /* SearchViewController.swift */,
			);
			path = Search;
			sourceTree = "<group>";
		};
		38BD7570257D406000D2F1A8 /* Map */ = {
			isa = PBXGroup;
			children = (
				38C8F81D257E3F8D0010FEC8 /* Annotations */,
				38BD7572257D406600D2F1A8 /* MapUI.swift */,
				38BD7571257D406600D2F1A8 /* MapViewController.swift */,
			);
			path = Map;
			sourceTree = "<group>";
		};
		38BD7575257D418100D2F1A8 /* Extensions */ = {
			isa = PBXGroup;
			children = (
				3882A5C725B3116C00FF111D /* NSAttributedStringExtensions.swift */,
				38C8F81B257E3F720010FEC8 /* UIEdgeInsetsExtensions.swift */,
				3882A5A625B221DE00FF111D /* UIImageExtensions.swift */,
				3882A5C525B3112600FF111D /* UISearchBarExtensions.swift */,
				38BD7576257D419400D2F1A8 /* UIView+AutoLayout.swift */,
			);
			path = Extensions;
			sourceTree = "<group>";
		};
		38C8F81D257E3F8D0010FEC8 /* Annotations */ = {
			isa = PBXGroup;
			children = (
				38C8F81E257E3F980010FEC8 /* StopPointAnnotation.swift */,
				38C8F820257E3FB60010FEC8 /* StopPointAnnotationView.swift */,
				38C8F822257E3FED0010FEC8 /* StopPointClusterAnnotationView.swift */,
			);
			path = Annotations;
			sourceTree = "<group>";
		};
		38CA52C4253C50D000AD5AEC = {
			isa = PBXGroup;
			children = (
				38CA52CF253C50D000AD5AEC /* App */,
				384C11FE25D050A9008327EF /* Widget */,
				38CA533D253C6CAC00AD5AEC /* Frameworks */,
				EF8E4F971375E09648571BD1 /* Pods */,
				38CA52CE253C50D000AD5AEC /* Products */,
			);
			sourceTree = "<group>";
		};
		38CA52CE253C50D000AD5AEC /* Products */ = {
			isa = PBXGroup;
			children = (
				38CA52CD253C50D000AD5AEC /* App.app */,
				384C11F925D050A9008327EF /* WidgetExtension.appex */,
			);
			name = Products;
			sourceTree = "<group>";
		};
		38CA52CF253C50D000AD5AEC /* App */ = {
			isa = PBXGroup;
			children = (
				38BD7575257D418100D2F1A8 /* Extensions */,
				384A31EA253C6F7900438F7D /* Resources */,
				3882A5BC25B3103300FF111D /* Utils */,
				384A31E9253C6F5800438F7D /* Views */,
				38E9BF032586A11E001B9F19 /* AppFont.swift */,
				38E9BF0125869F32001B9F19 /* Constants.swift */,
				3854FCB6258A81120004BCF1 /* GoogleService-Info.plist */,
				38CA52DE253C50D300AD5AEC /* Info.plist */,
			);
			path = App;
			sourceTree = "<group>";
		};
		38CA533D253C6CAC00AD5AEC /* Frameworks */ = {
			isa = PBXGroup;
			children = (
				384C121F25D0537C008327EF /* Data.framework */,
				384C122025D0537C008327EF /* Domain.framework */,
				38CA533E253C6CAC00AD5AEC /* Data.framework */,
				38CA533F253C6CAC00AD5AEC /* Domain.framework */,
				EAFAED00A9EB54FD607CEDE6 /* Pods_App.framework */,
				384C11FA25D050A9008327EF /* WidgetKit.framework */,
				384C11FC25D050A9008327EF /* SwiftUI.framework */,
			);
			name = Frameworks;
			sourceTree = "<group>";
		};
		EF8E4F971375E09648571BD1 /* Pods */ = {
			isa = PBXGroup;
			children = (
				45E517D43A3897C444F27E8A /* Pods-App.debug.xcconfig */,
				D5555032B6B9E71D42F0C2B9 /* Pods-App.release.xcconfig */,
			);
			name = Pods;
			path = ../Pods;
			sourceTree = "<group>";
		};
/* End PBXGroup section */

/* Begin PBXNativeTarget section */
		384C11F825D050A9008327EF /* WidgetExtension */ = {
			isa = PBXNativeTarget;
			buildConfigurationList = 384C120D25D050AA008327EF /* Build configuration list for PBXNativeTarget "WidgetExtension" */;
			buildPhases = (
				384C11F525D050A9008327EF /* Sources */,
				384C11F625D050A9008327EF /* Frameworks */,
				384C11F725D050A9008327EF /* Resources */,
				384C122525D0537C008327EF /* Embed Frameworks */,
			);
			buildRules = (
			);
			dependencies = (
			);
			name = WidgetExtension;
			productName = WidgetExtension;
			productReference = 384C11F925D050A9008327EF /* WidgetExtension.appex */;
			productType = "com.apple.product-type.app-extension";
		};
		38CA52CC253C50D000AD5AEC /* App */ = {
			isa = PBXNativeTarget;
			buildConfigurationList = 38CA52E1253C50D300AD5AEC /* Build configuration list for PBXNativeTarget "App" */;
			buildPhases = (
				83E358BED7A92E0AE0723A21 /* [CP] Check Pods Manifest.lock */,
				38BD7582257D43B900D2F1A8 /* swiftgen */,
				38CA52C9253C50D000AD5AEC /* Sources */,
				38CA52CA253C50D000AD5AEC /* Frameworks */,
				38CA52CB253C50D000AD5AEC /* Resources */,
				38CA5344253C6CAC00AD5AEC /* Embed Frameworks */,
				ED859026C1A2DB85AA88730E /* [CP] Embed Pods Frameworks */,
				384C120A25D050AA008327EF /* Embed App Extensions */,
			);
			buildRules = (
			);
			dependencies = (
				384C120825D050AA008327EF /* PBXTargetDependency */,
			);
			name = App;
			productName = App;
			productReference = 38CA52CD253C50D000AD5AEC /* App.app */;
			productType = "com.apple.product-type.application";
		};
/* End PBXNativeTarget section */

/* Begin PBXProject section */
		38CA52C5253C50D000AD5AEC /* Project object */ = {
			isa = PBXProject;
			attributes = {
				LastSwiftUpdateCheck = 1230;
				LastUpgradeCheck = 1200;
				TargetAttributes = {
					384C11F825D050A9008327EF = {
						CreatedOnToolsVersion = 12.3;
					};
					38CA52CC253C50D000AD5AEC = {
						CreatedOnToolsVersion = 12.0.1;
					};
				};
			};
			buildConfigurationList = 38CA52C8253C50D000AD5AEC /* Build configuration list for PBXProject "App" */;
			compatibilityVersion = "Xcode 9.3";
			developmentRegion = en;
			hasScannedForEncodings = 0;
			knownRegions = (
				en,
				Base,
				pl,
			);
			mainGroup = 38CA52C4253C50D000AD5AEC;
			productRefGroup = 38CA52CE253C50D000AD5AEC /* Products */;
			projectDirPath = "";
			projectRoot = "";
			targets = (
				38CA52CC253C50D000AD5AEC /* App */,
				384C11F825D050A9008327EF /* WidgetExtension */,
			);
		};
/* End PBXProject section */

/* Begin PBXResourcesBuildPhase section */
		384C11F725D050A9008327EF /* Resources */ = {
			isa = PBXResourcesBuildPhase;
			buildActionMask = 2147483647;
			files = (
				384C120325D050AA008327EF /* Assets.xcassets in Resources */,
				384C120F25D050E9008327EF /* Localizable.strings in Resources */,
			);
			runOnlyForDeploymentPostprocessing = 0;
		};
		38CA52CB253C50D000AD5AEC /* Resources */ = {
			isa = PBXResourcesBuildPhase;
			buildActionMask = 2147483647;
			files = (
				38CA533B253C6C4E00AD5AEC /* Main.storyboard in Resources */,
				38BD757F257D42FC00D2F1A8 /* Localizable.strings in Resources */,
				38CA52DA253C50D300AD5AEC /* Assets.xcassets in Resources */,
				38CA533A253C6C4E00AD5AEC /* LaunchScreen.storyboard in Resources */,
				38C8F826257E6AA60010FEC8 /* InfoPlist.strings in Resources */,
				3854FCB7258A81130004BCF1 /* GoogleService-Info.plist in Resources */,
			);
			runOnlyForDeploymentPostprocessing = 0;
		};
/* End PBXResourcesBuildPhase section */

/* Begin PBXShellScriptBuildPhase section */
		38BD7582257D43B900D2F1A8 /* swiftgen */ = {
			isa = PBXShellScriptBuildPhase;
			buildActionMask = 2147483647;
			files = (
			);
			inputFileListPaths = (
			);
			inputPaths = (
			);
			name = swiftgen;
			outputFileListPaths = (
			);
			outputPaths = (
			);
			runOnlyForDeploymentPostprocessing = 0;
			shellPath = /bin/sh;
			shellScript = "if which swiftgen >/dev/null; then\n    swiftgen\nelse\n    echo \"warning: SwiftGen not installed, download it from https://github.com/SwiftGen/SwiftGen\"\nfi\n";
		};
		83E358BED7A92E0AE0723A21 /* [CP] Check Pods Manifest.lock */ = {
			isa = PBXShellScriptBuildPhase;
			buildActionMask = 2147483647;
			files = (
			);
			inputFileListPaths = (
			);
			inputPaths = (
				"${PODS_PODFILE_DIR_PATH}/Podfile.lock",
				"${PODS_ROOT}/Manifest.lock",
			);
			name = "[CP] Check Pods Manifest.lock";
			outputFileListPaths = (
			);
			outputPaths = (
				"$(DERIVED_FILE_DIR)/Pods-App-checkManifestLockResult.txt",
			);
			runOnlyForDeploymentPostprocessing = 0;
			shellPath = /bin/sh;
			shellScript = "diff \"${PODS_PODFILE_DIR_PATH}/Podfile.lock\" \"${PODS_ROOT}/Manifest.lock\" > /dev/null\nif [ $? != 0 ] ; then\n    # print error to STDERR\n    echo \"error: The sandbox is not in sync with the Podfile.lock. Run 'pod install' or update your CocoaPods installation.\" >&2\n    exit 1\nfi\n# This output is used by Xcode 'outputs' to avoid re-running this script phase.\necho \"SUCCESS\" > \"${SCRIPT_OUTPUT_FILE_0}\"\n";
			showEnvVarsInLog = 0;
		};
		ED859026C1A2DB85AA88730E /* [CP] Embed Pods Frameworks */ = {
			isa = PBXShellScriptBuildPhase;
			buildActionMask = 2147483647;
			files = (
			);
			inputFileListPaths = (
				"${PODS_ROOT}/Target Support Files/Pods-App/Pods-App-frameworks-${CONFIGURATION}-input-files.xcfilelist",
			);
			name = "[CP] Embed Pods Frameworks";
			outputFileListPaths = (
				"${PODS_ROOT}/Target Support Files/Pods-App/Pods-App-frameworks-${CONFIGURATION}-output-files.xcfilelist",
			);
			runOnlyForDeploymentPostprocessing = 0;
			shellPath = /bin/sh;
			shellScript = "\"${PODS_ROOT}/Target Support Files/Pods-App/Pods-App-frameworks.sh\"\n";
			showEnvVarsInLog = 0;
		};
/* End PBXShellScriptBuildPhase section */

/* Begin PBXSourcesBuildPhase section */
		384C11F525D050A9008327EF /* Sources */ = {
			isa = PBXSourcesBuildPhase;
			buildActionMask = 2147483647;
			files = (
				384C122925D05646008327EF /* FavoriteWidgetEntry.swift in Sources */,
				384C121725D051B3008327EF /* FavoriteWidget.swift in Sources */,
				384C120525D050AA008327EF /* Widget.intentdefinition in Sources */,
				384C121425D05139008327EF /* Widgets.swift in Sources */,
				384C121C25D052C2008327EF /* FavoriteTimelineProvider.swift in Sources */,
				384C122725D05469008327EF /* FavoriteWidgetView.swift in Sources */,
				384C121125D050F0008327EF /* L10n.swift in Sources */,
			);
			runOnlyForDeploymentPostprocessing = 0;
		};
		38CA52C9253C50D000AD5AEC /* Sources */ = {
			isa = PBXSourcesBuildPhase;
			buildActionMask = 2147483647;
			files = (
				38C8F81C257E3F720010FEC8 /* UIEdgeInsetsExtensions.swift in Sources */,
				38BD7573257D406600D2F1A8 /* MapViewController.swift in Sources */,
				38216DBA25854F2800DA8EA1 /* StopPointCell.swift in Sources */,
				38BD7553257D3E0B00D2F1A8 /* ViewController.swift in Sources */,
				3882A5C425B310FE00FF111D /* SearchFooterDecorator.swift in Sources */,
				38BD754E257D3A6500D2F1A8 /* TimesUI.swift in Sources */,
				38E9BF0225869F32001B9F19 /* Constants.swift in Sources */,
				38BD755D257D3F8B00D2F1A8 /* FavoritesViewController.swift in Sources */,
				38D6E75F258E5D9C0010956B /* PlaceholderView.swift in Sources */,
				383D00D125867C0500E2D969 /* FavoriteStopPointCell.swift in Sources */,
				3896D3D625B369FA004341A9 /* SegmentedControlStyle.swift in Sources */,
				38216D792585066700DA8EA1 /* TableViewCell.swift in Sources */,
				38D6E761258E64B90010956B /* RoundedRectView.swift in Sources */,
				38C8F81F257E3F980010FEC8 /* StopPointAnnotation.swift in Sources */,
				3882A5A725B221DE00FF111D /* UIImageExtensions.swift in Sources */,
				38C8F821257E3FB60010FEC8 /* StopPointAnnotationView.swift in Sources */,
				38BD7585257D444800D2F1A8 /* L10n.swift in Sources */,
				3882A5BE25B3103C00FF111D /* PlaceholderDecorator.swift in Sources */,
				38BD7568257D400000D2F1A8 /* SearchViewController.swift in Sources */,
				384A31ED253C726500438F7D /* MainViewController.swift in Sources */,
				38BD7551257D3DD700D2F1A8 /* View.swift in Sources */,
				38BD7586257D444800D2F1A8 /* Assets.swift in Sources */,
				38C8F823257E3FED0010FEC8 /* StopPointClusterAnnotationView.swift in Sources */,
				3882A5C825B3116C00FF111D /* NSAttributedStringExtensions.swift in Sources */,
				38BD7577257D419400D2F1A8 /* UIView+AutoLayout.swift in Sources */,
				38216DA125851D3200DA8EA1 /* SearchResultDetailsUI.swift in Sources */,
				3882A5BB25B3100500FF111D /* VehicleTypeView.swift in Sources */,
				384C120625D050AA008327EF /* Widget.intentdefinition in Sources */,
				3896D3D825B36A23004341A9 /* SearchBarStyle.swift in Sources */,
				38216D7B258506D900DA8EA1 /* TimeCell.swift in Sources */,
				38BD755E257D3F8B00D2F1A8 /* FavoritesUI.swift in Sources */,
				3896D3D425B35FA1004341A9 /* MessageView.swift in Sources */,
				38BD7569257D400000D2F1A8 /* SearchUI.swift in Sources */,
				3882A5CC25B311BD00FF111D /* FavoriteButtonDecorator.swift in Sources */,
				38216DA325852FBD00DA8EA1 /* LineStopPointCell.swift in Sources */,
				38BD754D257D3A6500D2F1A8 /* TimesViewController.swift in Sources */,
				38BD7574257D406600D2F1A8 /* MapUI.swift in Sources */,
				38216DA52585300A00DA8EA1 /* SearchResultDetailsCellFactory.swift in Sources */,
				38E9BF042586A11E001B9F19 /* AppFont.swift in Sources */,
				3882A5C225B310B700FF111D /* TabBarItem.swift in Sources */,
				38216DA025851D3200DA8EA1 /* SearchResultDetailsViewController.swift in Sources */,
				3882A5A925B2261600FF111D /* FooterLoader.swift in Sources */,
				38216D7D258517E200DA8EA1 /* SearchResultCell.swift in Sources */,
				3882A5C025B3109A00FF111D /* NavigationBar.swift in Sources */,
				38CA52D1253C50D000AD5AEC /* AppDelegate.swift in Sources */,
				3882A5C625B3112600FF111D /* UISearchBarExtensions.swift in Sources */,
				3882A5CA25B3119800FF111D /* DefaultTableViewStyle.swift in Sources */,
			);
			runOnlyForDeploymentPostprocessing = 0;
		};
/* End PBXSourcesBuildPhase section */

/* Begin PBXTargetDependency section */
		384C120825D050AA008327EF /* PBXTargetDependency */ = {
			isa = PBXTargetDependency;
			target = 384C11F825D050A9008327EF /* WidgetExtension */;
			targetProxy = 384C120725D050AA008327EF /* PBXContainerItemProxy */;
		};
/* End PBXTargetDependency section */

/* Begin PBXVariantGroup section */
		38BD7581257D42FC00D2F1A8 /* Localizable.strings */ = {
			isa = PBXVariantGroup;
			children = (
				38BD7580257D42FC00D2F1A8 /* en */,
				38FFE55025B460F50069471D /* pl */,
			);
			name = Localizable.strings;
			path = .;
			sourceTree = "<group>";
		};
		38C8F828257E6AA60010FEC8 /* InfoPlist.strings */ = {
			isa = PBXVariantGroup;
			children = (
				38C8F827257E6AA60010FEC8 /* en */,
				38FFE54F25B460F50069471D /* pl */,
			);
			name = InfoPlist.strings;
			path = .;
			sourceTree = "<group>";
		};
/* End PBXVariantGroup section */

/* Begin XCBuildConfiguration section */
		384C120B25D050AA008327EF /* Debug */ = {
			isa = XCBuildConfiguration;
			buildSettings = {
				ASSETCATALOG_COMPILER_GLOBAL_ACCENT_COLOR_NAME = AccentColor;
				ASSETCATALOG_COMPILER_WIDGET_BACKGROUND_COLOR_NAME = WidgetBackground;
				CODE_SIGN_STYLE = Automatic;
				CURRENT_PROJECT_VERSION = 8;
				DEVELOPMENT_TEAM = 99R4D8SSEQ;
				INFOPLIST_FILE = Widget/Info.plist;
				IPHONEOS_DEPLOYMENT_TARGET = 14.3;
				LD_RUNPATH_SEARCH_PATHS = (
					"$(inherited)",
					"@executable_path/Frameworks",
					"@executable_path/../../Frameworks",
				);
				MARKETING_VERSION = 1.2.0;
				PRODUCT_BUNDLE_IDENTIFIER = com.pikciu.bimba.Widget;
				PRODUCT_NAME = "$(TARGET_NAME)";
				SKIP_INSTALL = YES;
				SWIFT_VERSION = 5.0;
				TARGETED_DEVICE_FAMILY = "1,2";
			};
			name = Debug;
		};
		384C120C25D050AA008327EF /* Release */ = {
			isa = XCBuildConfiguration;
			buildSettings = {
				ASSETCATALOG_COMPILER_GLOBAL_ACCENT_COLOR_NAME = AccentColor;
				ASSETCATALOG_COMPILER_WIDGET_BACKGROUND_COLOR_NAME = WidgetBackground;
				CODE_SIGN_STYLE = Automatic;
				CURRENT_PROJECT_VERSION = 8;
				DEVELOPMENT_TEAM = 99R4D8SSEQ;
				INFOPLIST_FILE = Widget/Info.plist;
				IPHONEOS_DEPLOYMENT_TARGET = 14.3;
				LD_RUNPATH_SEARCH_PATHS = (
					"$(inherited)",
					"@executable_path/Frameworks",
					"@executable_path/../../Frameworks",
				);
				MARKETING_VERSION = 1.2.0;
				PRODUCT_BUNDLE_IDENTIFIER = com.pikciu.bimba.Widget;
				PRODUCT_NAME = "$(TARGET_NAME)";
				SKIP_INSTALL = YES;
				SWIFT_VERSION = 5.0;
				TARGETED_DEVICE_FAMILY = "1,2";
			};
			name = Release;
		};
		38CA52DF253C50D300AD5AEC /* Debug */ = {
			isa = XCBuildConfiguration;
			buildSettings = {
				ALWAYS_SEARCH_USER_PATHS = NO;
				CLANG_ANALYZER_LOCALIZABILITY_NONLOCALIZED = YES;
				CLANG_ANALYZER_NONNULL = YES;
				CLANG_ANALYZER_NUMBER_OBJECT_CONVERSION = YES_AGGRESSIVE;
				CLANG_CXX_LANGUAGE_STANDARD = "gnu++14";
				CLANG_CXX_LIBRARY = "libc++";
				CLANG_ENABLE_MODULES = YES;
				CLANG_ENABLE_OBJC_ARC = YES;
				CLANG_ENABLE_OBJC_WEAK = YES;
				CLANG_WARN_BLOCK_CAPTURE_AUTORELEASING = YES;
				CLANG_WARN_BOOL_CONVERSION = YES;
				CLANG_WARN_COMMA = YES;
				CLANG_WARN_CONSTANT_CONVERSION = YES;
				CLANG_WARN_DEPRECATED_OBJC_IMPLEMENTATIONS = YES;
				CLANG_WARN_DIRECT_OBJC_ISA_USAGE = YES_ERROR;
				CLANG_WARN_DOCUMENTATION_COMMENTS = YES;
				CLANG_WARN_EMPTY_BODY = YES;
				CLANG_WARN_ENUM_CONVERSION = YES;
				CLANG_WARN_INFINITE_RECURSION = YES;
				CLANG_WARN_INT_CONVERSION = YES;
				CLANG_WARN_NON_LITERAL_NULL_CONVERSION = YES;
				CLANG_WARN_OBJC_IMPLICIT_RETAIN_SELF = YES;
				CLANG_WARN_OBJC_LITERAL_CONVERSION = YES;
				CLANG_WARN_OBJC_ROOT_CLASS = YES_ERROR;
				CLANG_WARN_QUOTED_INCLUDE_IN_FRAMEWORK_HEADER = YES;
				CLANG_WARN_RANGE_LOOP_ANALYSIS = YES;
				CLANG_WARN_STRICT_PROTOTYPES = YES;
				CLANG_WARN_SUSPICIOUS_MOVE = YES;
				CLANG_WARN_UNGUARDED_AVAILABILITY = YES_AGGRESSIVE;
				CLANG_WARN_UNREACHABLE_CODE = YES;
				CLANG_WARN__DUPLICATE_METHOD_MATCH = YES;
				COPY_PHASE_STRIP = NO;
				DEBUG_INFORMATION_FORMAT = dwarf;
				ENABLE_STRICT_OBJC_MSGSEND = YES;
				ENABLE_TESTABILITY = YES;
				GCC_C_LANGUAGE_STANDARD = gnu11;
				GCC_DYNAMIC_NO_PIC = NO;
				GCC_NO_COMMON_BLOCKS = YES;
				GCC_OPTIMIZATION_LEVEL = 0;
				GCC_PREPROCESSOR_DEFINITIONS = (
					"DEBUG=1",
					"$(inherited)",
				);
				GCC_WARN_64_TO_32_BIT_CONVERSION = YES;
				GCC_WARN_ABOUT_RETURN_TYPE = YES_ERROR;
				GCC_WARN_UNDECLARED_SELECTOR = YES;
				GCC_WARN_UNINITIALIZED_AUTOS = YES_AGGRESSIVE;
				GCC_WARN_UNUSED_FUNCTION = YES;
				GCC_WARN_UNUSED_VARIABLE = YES;
				IPHONEOS_DEPLOYMENT_TARGET = 12.0;
				MTL_ENABLE_DEBUG_INFO = INCLUDE_SOURCE;
				MTL_FAST_MATH = YES;
				ONLY_ACTIVE_ARCH = YES;
				SDKROOT = iphoneos;
				SWIFT_ACTIVE_COMPILATION_CONDITIONS = DEBUG;
				SWIFT_OPTIMIZATION_LEVEL = "-Onone";
			};
			name = Debug;
		};
		38CA52E0253C50D300AD5AEC /* Release */ = {
			isa = XCBuildConfiguration;
			buildSettings = {
				ALWAYS_SEARCH_USER_PATHS = NO;
				CLANG_ANALYZER_LOCALIZABILITY_NONLOCALIZED = YES;
				CLANG_ANALYZER_NONNULL = YES;
				CLANG_ANALYZER_NUMBER_OBJECT_CONVERSION = YES_AGGRESSIVE;
				CLANG_CXX_LANGUAGE_STANDARD = "gnu++14";
				CLANG_CXX_LIBRARY = "libc++";
				CLANG_ENABLE_MODULES = YES;
				CLANG_ENABLE_OBJC_ARC = YES;
				CLANG_ENABLE_OBJC_WEAK = YES;
				CLANG_WARN_BLOCK_CAPTURE_AUTORELEASING = YES;
				CLANG_WARN_BOOL_CONVERSION = YES;
				CLANG_WARN_COMMA = YES;
				CLANG_WARN_CONSTANT_CONVERSION = YES;
				CLANG_WARN_DEPRECATED_OBJC_IMPLEMENTATIONS = YES;
				CLANG_WARN_DIRECT_OBJC_ISA_USAGE = YES_ERROR;
				CLANG_WARN_DOCUMENTATION_COMMENTS = YES;
				CLANG_WARN_EMPTY_BODY = YES;
				CLANG_WARN_ENUM_CONVERSION = YES;
				CLANG_WARN_INFINITE_RECURSION = YES;
				CLANG_WARN_INT_CONVERSION = YES;
				CLANG_WARN_NON_LITERAL_NULL_CONVERSION = YES;
				CLANG_WARN_OBJC_IMPLICIT_RETAIN_SELF = YES;
				CLANG_WARN_OBJC_LITERAL_CONVERSION = YES;
				CLANG_WARN_OBJC_ROOT_CLASS = YES_ERROR;
				CLANG_WARN_QUOTED_INCLUDE_IN_FRAMEWORK_HEADER = YES;
				CLANG_WARN_RANGE_LOOP_ANALYSIS = YES;
				CLANG_WARN_STRICT_PROTOTYPES = YES;
				CLANG_WARN_SUSPICIOUS_MOVE = YES;
				CLANG_WARN_UNGUARDED_AVAILABILITY = YES_AGGRESSIVE;
				CLANG_WARN_UNREACHABLE_CODE = YES;
				CLANG_WARN__DUPLICATE_METHOD_MATCH = YES;
				COPY_PHASE_STRIP = NO;
				DEBUG_INFORMATION_FORMAT = "dwarf-with-dsym";
				ENABLE_NS_ASSERTIONS = NO;
				ENABLE_STRICT_OBJC_MSGSEND = YES;
				GCC_C_LANGUAGE_STANDARD = gnu11;
				GCC_NO_COMMON_BLOCKS = YES;
				GCC_WARN_64_TO_32_BIT_CONVERSION = YES;
				GCC_WARN_ABOUT_RETURN_TYPE = YES_ERROR;
				GCC_WARN_UNDECLARED_SELECTOR = YES;
				GCC_WARN_UNINITIALIZED_AUTOS = YES_AGGRESSIVE;
				GCC_WARN_UNUSED_FUNCTION = YES;
				GCC_WARN_UNUSED_VARIABLE = YES;
				IPHONEOS_DEPLOYMENT_TARGET = 12.0;
				MTL_ENABLE_DEBUG_INFO = NO;
				MTL_FAST_MATH = YES;
				SDKROOT = iphoneos;
				SWIFT_COMPILATION_MODE = wholemodule;
				SWIFT_OPTIMIZATION_LEVEL = "-O";
				VALIDATE_PRODUCT = YES;
			};
			name = Release;
		};
		38CA52E2253C50D300AD5AEC /* Debug */ = {
			isa = XCBuildConfiguration;
			baseConfigurationReference = 45E517D43A3897C444F27E8A /* Pods-App.debug.xcconfig */;
			buildSettings = {
				ALWAYS_EMBED_SWIFT_STANDARD_LIBRARIES = YES;
				ASSETCATALOG_COMPILER_APPICON_NAME = AppIcon;
				ASSETCATALOG_COMPILER_GLOBAL_ACCENT_COLOR_NAME = AccentColor;
				CODE_SIGN_STYLE = Automatic;
				CURRENT_PROJECT_VERSION = 8;
				DEVELOPMENT_TEAM = 99R4D8SSEQ;
				INFOPLIST_FILE = App/Info.plist;
				LD_RUNPATH_SEARCH_PATHS = (
					"$(inherited)",
					"@executable_path/Frameworks",
				);
				MARKETING_VERSION = 1.2.0;
				PRODUCT_BUNDLE_IDENTIFIER = com.pikciu.bimba;
				PRODUCT_NAME = "$(TARGET_NAME)";
				SWIFT_VERSION = 5.0;
				TARGETED_DEVICE_FAMILY = 1;
			};
			name = Debug;
		};
		38CA52E3253C50D300AD5AEC /* Release */ = {
			isa = XCBuildConfiguration;
			baseConfigurationReference = D5555032B6B9E71D42F0C2B9 /* Pods-App.release.xcconfig */;
			buildSettings = {
				ALWAYS_EMBED_SWIFT_STANDARD_LIBRARIES = YES;
				ASSETCATALOG_COMPILER_APPICON_NAME = AppIcon;
				ASSETCATALOG_COMPILER_GLOBAL_ACCENT_COLOR_NAME = AccentColor;
				CODE_SIGN_STYLE = Automatic;
				CURRENT_PROJECT_VERSION = 8;
				DEVELOPMENT_TEAM = 99R4D8SSEQ;
				INFOPLIST_FILE = App/Info.plist;
				LD_RUNPATH_SEARCH_PATHS = (
					"$(inherited)",
					"@executable_path/Frameworks",
				);
				MARKETING_VERSION = 1.2.0;
				PRODUCT_BUNDLE_IDENTIFIER = com.pikciu.bimba;
				PRODUCT_NAME = "$(TARGET_NAME)";
				SWIFT_VERSION = 5.0;
				TARGETED_DEVICE_FAMILY = 1;
			};
			name = Release;
		};
/* End XCBuildConfiguration section */

/* Begin XCConfigurationList section */
		384C120D25D050AA008327EF /* Build configuration list for PBXNativeTarget "WidgetExtension" */ = {
			isa = XCConfigurationList;
			buildConfigurations = (
				384C120B25D050AA008327EF /* Debug */,
				384C120C25D050AA008327EF /* Release */,
			);
			defaultConfigurationIsVisible = 0;
			defaultConfigurationName = Release;
		};
		38CA52C8253C50D000AD5AEC /* Build configuration list for PBXProject "App" */ = {
			isa = XCConfigurationList;
			buildConfigurations = (
				38CA52DF253C50D300AD5AEC /* Debug */,
				38CA52E0253C50D300AD5AEC /* Release */,
			);
			defaultConfigurationIsVisible = 0;
			defaultConfigurationName = Release;
		};
		38CA52E1253C50D300AD5AEC /* Build configuration list for PBXNativeTarget "App" */ = {
			isa = XCConfigurationList;
			buildConfigurations = (
				38CA52E2253C50D300AD5AEC /* Debug */,
				38CA52E3253C50D300AD5AEC /* Release */,
			);
			defaultConfigurationIsVisible = 0;
			defaultConfigurationName = Release;
		};
/* End XCConfigurationList section */
	};
	rootObject = 38CA52C5253C50D000AD5AEC /* Project object */;
}
