// !$*UTF8*$!
{
	archiveVersion = 1;
	classes = {
	};
	objectVersion = 51;
	objects = {

/* Begin PBXBuildFile section */
		384A31ED253C726500438F7D /* TabBarViewController.swift in Sources */ = {isa = PBXBuildFile; fileRef = 384A31EC253C726500438F7D /* TabBarViewController.swift */; };
		38CA52D1253C50D000AD5AEC /* AppDelegate.swift in Sources */ = {isa = PBXBuildFile; fileRef = 38CA52D0253C50D000AD5AEC /* AppDelegate.swift */; };
		38CA52DA253C50D300AD5AEC /* Assets.xcassets in Resources */ = {isa = PBXBuildFile; fileRef = 38CA52D9253C50D300AD5AEC /* Assets.xcassets */; };
		38CA533A253C6C4E00AD5AEC /* LaunchScreen.storyboard in Resources */ = {isa = PBXBuildFile; fileRef = 38CA5338253C6C4D00AD5AEC /* LaunchScreen.storyboard */; };
		38CA533B253C6C4E00AD5AEC /* Main.storyboard in Resources */ = {isa = PBXBuildFile; fileRef = 38CA5339253C6C4E00AD5AEC /* Main.storyboard */; };
		38CA5340253C6CAC00AD5AEC /* Data.framework in Frameworks */ = {isa = PBXBuildFile; fileRef = 38CA533E253C6CAC00AD5AEC /* Data.framework */; };
		38CA5341253C6CAC00AD5AEC /* Data.framework in Embed Frameworks */ = {isa = PBXBuildFile; fileRef = 38CA533E253C6CAC00AD5AEC /* Data.framework */; settings = {ATTRIBUTES = (CodeSignOnCopy, RemoveHeadersOnCopy, ); }; };
		38CA5342253C6CAC00AD5AEC /* Domain.framework in Frameworks */ = {isa = PBXBuildFile; fileRef = 38CA533F253C6CAC00AD5AEC /* Domain.framework */; };
		38CA5343253C6CAC00AD5AEC /* Domain.framework in Embed Frameworks */ = {isa = PBXBuildFile; fileRef = 38CA533F253C6CAC00AD5AEC /* Domain.framework */; settings = {ATTRIBUTES = (CodeSignOnCopy, RemoveHeadersOnCopy, ); }; };
		D668C85709D6C440D29C7144 /* Pods_App.framework in Frameworks */ = {isa = PBXBuildFile; fileRef = EAFAED00A9EB54FD607CEDE6 /* Pods_App.framework */; };
/* End PBXBuildFile section */

/* Begin PBXCopyFilesBuildPhase section */
		38CA5344253C6CAC00AD5AEC /* Embed Frameworks */ = {
			isa = PBXCopyFilesBuildPhase;
			buildActionMask = 2147483647;
			dstPath = "";
			dstSubfolderSpec = 10;
			files = (
				38CA5343253C6CAC00AD5AEC /* Domain.framework in Embed Frameworks */,
				38CA5341253C6CAC00AD5AEC /* Data.framework in Embed Frameworks */,
			);
			name = "Embed Frameworks";
			runOnlyForDeploymentPostprocessing = 0;
		};
/* End PBXCopyFilesBuildPhase section */

/* Begin PBXFileReference section */
		384A31EC253C726500438F7D /* TabBarViewController.swift */ = {isa = PBXFileReference; lastKnownFileType = sourcecode.swift; path = TabBarViewController.swift; sourceTree = "<group>"; };
		38CA52CD253C50D000AD5AEC /* App.app */ = {isa = PBXFileReference; explicitFileType = wrapper.application; includeInIndex = 0; path = App.app; sourceTree = BUILT_PRODUCTS_DIR; };
		38CA52D0253C50D000AD5AEC /* AppDelegate.swift */ = {isa = PBXFileReference; lastKnownFileType = sourcecode.swift; path = AppDelegate.swift; sourceTree = "<group>"; };
		38CA52D9253C50D300AD5AEC /* Assets.xcassets */ = {isa = PBXFileReference; lastKnownFileType = folder.assetcatalog; path = Assets.xcassets; sourceTree = "<group>"; };
		38CA52DE253C50D300AD5AEC /* Info.plist */ = {isa = PBXFileReference; lastKnownFileType = text.plist.xml; path = Info.plist; sourceTree = "<group>"; };
		38CA5338253C6C4D00AD5AEC /* LaunchScreen.storyboard */ = {isa = PBXFileReference; fileEncoding = 4; lastKnownFileType = file.storyboard; path = LaunchScreen.storyboard; sourceTree = "<group>"; };
		38CA5339253C6C4E00AD5AEC /* Main.storyboard */ = {isa = PBXFileReference; fileEncoding = 4; lastKnownFileType = file.storyboard; path = Main.storyboard; sourceTree = "<group>"; };
		38CA533E253C6CAC00AD5AEC /* Data.framework */ = {isa = PBXFileReference; explicitFileType = wrapper.framework; path = Data.framework; sourceTree = BUILT_PRODUCTS_DIR; };
		38CA533F253C6CAC00AD5AEC /* Domain.framework */ = {isa = PBXFileReference; explicitFileType = wrapper.framework; path = Domain.framework; sourceTree = BUILT_PRODUCTS_DIR; };
		45E517D43A3897C444F27E8A /* Pods-App.debug.xcconfig */ = {isa = PBXFileReference; includeInIndex = 1; lastKnownFileType = text.xcconfig; name = "Pods-App.debug.xcconfig"; path = "Target Support Files/Pods-App/Pods-App.debug.xcconfig"; sourceTree = "<group>"; };
		D5555032B6B9E71D42F0C2B9 /* Pods-App.release.xcconfig */ = {isa = PBXFileReference; includeInIndex = 1; lastKnownFileType = text.xcconfig; name = "Pods-App.release.xcconfig"; path = "Target Support Files/Pods-App/Pods-App.release.xcconfig"; sourceTree = "<group>"; };
		EAFAED00A9EB54FD607CEDE6 /* Pods_App.framework */ = {isa = PBXFileReference; explicitFileType = wrapper.framework; includeInIndex = 0; path = Pods_App.framework; sourceTree = BUILT_PRODUCTS_DIR; };
/* End PBXFileReference section */

/* Begin PBXFrameworksBuildPhase section */
		38CA52CA253C50D000AD5AEC /* Frameworks */ = {
			isa = PBXFrameworksBuildPhase;
			buildActionMask = 2147483647;
			files = (
				38CA5342253C6CAC00AD5AEC /* Domain.framework in Frameworks */,
				38CA5340253C6CAC00AD5AEC /* Data.framework in Frameworks */,
				D668C85709D6C440D29C7144 /* Pods_App.framework in Frameworks */,
			);
			runOnlyForDeploymentPostprocessing = 0;
		};
/* End PBXFrameworksBuildPhase section */

/* Begin PBXGroup section */
		384A31E9253C6F5800438F7D /* Views */ = {
			isa = PBXGroup;
			children = (
				384A31EB253C724E00438F7D /* TabBar */,
				38CA5338253C6C4D00AD5AEC /* LaunchScreen.storyboard */,
				38CA5339253C6C4E00AD5AEC /* Main.storyboard */,
				38CA52D0253C50D000AD5AEC /* AppDelegate.swift */,
			);
			path = Views;
			sourceTree = "<group>";
		};
		384A31EA253C6F7900438F7D /* Resources */ = {
			isa = PBXGroup;
			children = (
				38CA52D9253C50D300AD5AEC /* Assets.xcassets */,
			);
			path = Resources;
			sourceTree = "<group>";
		};
		384A31EB253C724E00438F7D /* TabBar */ = {
			isa = PBXGroup;
			children = (
				384A31EC253C726500438F7D /* TabBarViewController.swift */,
			);
			path = TabBar;
			sourceTree = "<group>";
		};
		38CA52C4253C50D000AD5AEC = {
			isa = PBXGroup;
			children = (
				38CA52CF253C50D000AD5AEC /* App */,
				38CA52CE253C50D000AD5AEC /* Products */,
				38CA533D253C6CAC00AD5AEC /* Frameworks */,
				EF8E4F971375E09648571BD1 /* Pods */,
			);
			sourceTree = "<group>";
		};
		38CA52CE253C50D000AD5AEC /* Products */ = {
			isa = PBXGroup;
			children = (
				38CA52CD253C50D000AD5AEC /* App.app */,
			);
			name = Products;
			sourceTree = "<group>";
		};
		38CA52CF253C50D000AD5AEC /* App */ = {
			isa = PBXGroup;
			children = (
				384A31EA253C6F7900438F7D /* Resources */,
				384A31E9253C6F5800438F7D /* Views */,
				38CA52DE253C50D300AD5AEC /* Info.plist */,
			);
			path = App;
			sourceTree = "<group>";
		};
		38CA533D253C6CAC00AD5AEC /* Frameworks */ = {
			isa = PBXGroup;
			children = (
				38CA533E253C6CAC00AD5AEC /* Data.framework */,
				38CA533F253C6CAC00AD5AEC /* Domain.framework */,
				EAFAED00A9EB54FD607CEDE6 /* Pods_App.framework */,
			);
			name = Frameworks;
			sourceTree = "<group>";
		};
		EF8E4F971375E09648571BD1 /* Pods */ = {
			isa = PBXGroup;
			children = (
				45E517D43A3897C444F27E8A /* Pods-App.debug.xcconfig */,
				D5555032B6B9E71D42F0C2B9 /* Pods-App.release.xcconfig */,
			);
			name = Pods;
			path = ../Pods;
			sourceTree = "<group>";
		};
/* End PBXGroup section */

/* Begin PBXNativeTarget section */
		38CA52CC253C50D000AD5AEC /* App */ = {
			isa = PBXNativeTarget;
			buildConfigurationList = 38CA52E1253C50D300AD5AEC /* Build configuration list for PBXNativeTarget "App" */;
			buildPhases = (
				83E358BED7A92E0AE0723A21 /* [CP] Check Pods Manifest.lock */,
				38CA52C9253C50D000AD5AEC /* Sources */,
				38CA52CA253C50D000AD5AEC /* Frameworks */,
				38CA52CB253C50D000AD5AEC /* Resources */,
				38CA5344253C6CAC00AD5AEC /* Embed Frameworks */,
				ED859026C1A2DB85AA88730E /* [CP] Embed Pods Frameworks */,
			);
			buildRules = (
			);
			dependencies = (
			);
			name = App;
			productName = App;
			productReference = 38CA52CD253C50D000AD5AEC /* App.app */;
			productType = "com.apple.product-type.application";
		};
/* End PBXNativeTarget section */

/* Begin PBXProject section */
		38CA52C5253C50D000AD5AEC /* Project object */ = {
			isa = PBXProject;
			attributes = {
				LastSwiftUpdateCheck = 1200;
				LastUpgradeCheck = 1200;
				TargetAttributes = {
					38CA52CC253C50D000AD5AEC = {
						CreatedOnToolsVersion = 12.0.1;
					};
				};
			};
			buildConfigurationList = 38CA52C8253C50D000AD5AEC /* Build configuration list for PBXProject "App" */;
			compatibilityVersion = "Xcode 9.3";
			developmentRegion = en;
			hasScannedForEncodings = 0;
			knownRegions = (
				en,
				Base,
			);
			mainGroup = 38CA52C4253C50D000AD5AEC;
			productRefGroup = 38CA52CE253C50D000AD5AEC /* Products */;
			projectDirPath = "";
			projectRoot = "";
			targets = (
				38CA52CC253C50D000AD5AEC /* App */,
			);
		};
/* End PBXProject section */

/* Begin PBXResourcesBuildPhase section */
		38CA52CB253C50D000AD5AEC /* Resources */ = {
			isa = PBXResourcesBuildPhase;
			buildActionMask = 2147483647;
			files = (
				38CA533B253C6C4E00AD5AEC /* Main.storyboard in Resources */,
				38CA52DA253C50D300AD5AEC /* Assets.xcassets in Resources */,
				38CA533A253C6C4E00AD5AEC /* LaunchScreen.storyboard in Resources */,
			);
			runOnlyForDeploymentPostprocessing = 0;
		};
/* End PBXResourcesBuildPhase section */

/* Begin PBXShellScriptBuildPhase section */
		83E358BED7A92E0AE0723A21 /* [CP] Check Pods Manifest.lock */ = {
			isa = PBXShellScriptBuildPhase;
			buildActionMask = 2147483647;
			files = (
			);
			inputFileListPaths = (
			);
			inputPaths = (
				"${PODS_PODFILE_DIR_PATH}/Podfile.lock",
				"${PODS_ROOT}/Manifest.lock",
			);
			name = "[CP] Check Pods Manifest.lock";
			outputFileListPaths = (
			);
			outputPaths = (
				"$(DERIVED_FILE_DIR)/Pods-App-checkManifestLockResult.txt",
			);
			runOnlyForDeploymentPostprocessing = 0;
			shellPath = /bin/sh;
			shellScript = "diff \"${PODS_PODFILE_DIR_PATH}/Podfile.lock\" \"${PODS_ROOT}/Manifest.lock\" > /dev/null\nif [ $? != 0 ] ; then\n    # print error to STDERR\n    echo \"error: The sandbox is not in sync with the Podfile.lock. Run 'pod install' or update your CocoaPods installation.\" >&2\n    exit 1\nfi\n# This output is used by Xcode 'outputs' to avoid re-running this script phase.\necho \"SUCCESS\" > \"${SCRIPT_OUTPUT_FILE_0}\"\n";
			showEnvVarsInLog = 0;
		};
		ED859026C1A2DB85AA88730E /* [CP] Embed Pods Frameworks */ = {
			isa = PBXShellScriptBuildPhase;
			buildActionMask = 2147483647;
			files = (
			);
			inputFileListPaths = (
				"${PODS_ROOT}/Target Support Files/Pods-App/Pods-App-frameworks-${CONFIGURATION}-input-files.xcfilelist",
			);
			name = "[CP] Embed Pods Frameworks";
			outputFileListPaths = (
				"${PODS_ROOT}/Target Support Files/Pods-App/Pods-App-frameworks-${CONFIGURATION}-output-files.xcfilelist",
			);
			runOnlyForDeploymentPostprocessing = 0;
			shellPath = /bin/sh;
			shellScript = "\"${PODS_ROOT}/Target Support Files/Pods-App/Pods-App-frameworks.sh\"\n";
			showEnvVarsInLog = 0;
		};
/* End PBXShellScriptBuildPhase section */

/* Begin PBXSourcesBuildPhase section */
		38CA52C9253C50D000AD5AEC /* Sources */ = {
			isa = PBXSourcesBuildPhase;
			buildActionMask = 2147483647;
			files = (
				384A31ED253C726500438F7D /* TabBarViewController.swift in Sources */,
				38CA52D1253C50D000AD5AEC /* AppDelegate.swift in Sources */,
			);
			runOnlyForDeploymentPostprocessing = 0;
		};
/* End PBXSourcesBuildPhase section */

/* Begin XCBuildConfiguration section */
		38CA52DF253C50D300AD5AEC /* Debug */ = {
			isa = XCBuildConfiguration;
			buildSettings = {
				ALWAYS_SEARCH_USER_PATHS = NO;
				CLANG_ANALYZER_NONNULL = YES;
				CLANG_ANALYZER_NUMBER_OBJECT_CONVERSION = YES_AGGRESSIVE;
				CLANG_CXX_LANGUAGE_STANDARD = "gnu++14";
				CLANG_CXX_LIBRARY = "libc++";
				CLANG_ENABLE_MODULES = YES;
				CLANG_ENABLE_OBJC_ARC = YES;
				CLANG_ENABLE_OBJC_WEAK = YES;
				CLANG_WARN_BLOCK_CAPTURE_AUTORELEASING = YES;
				CLANG_WARN_BOOL_CONVERSION = YES;
				CLANG_WARN_COMMA = YES;
				CLANG_WARN_CONSTANT_CONVERSION = YES;
				CLANG_WARN_DEPRECATED_OBJC_IMPLEMENTATIONS = YES;
				CLANG_WARN_DIRECT_OBJC_ISA_USAGE = YES_ERROR;
				CLANG_WARN_DOCUMENTATION_COMMENTS = YES;
				CLANG_WARN_EMPTY_BODY = YES;
				CLANG_WARN_ENUM_CONVERSION = YES;
				CLANG_WARN_INFINITE_RECURSION = YES;
				CLANG_WARN_INT_CONVERSION = YES;
				CLANG_WARN_NON_LITERAL_NULL_CONVERSION = YES;
				CLANG_WARN_OBJC_IMPLICIT_RETAIN_SELF = YES;
				CLANG_WARN_OBJC_LITERAL_CONVERSION = YES;
				CLANG_WARN_OBJC_ROOT_CLASS = YES_ERROR;
				CLANG_WARN_QUOTED_INCLUDE_IN_FRAMEWORK_HEADER = YES;
				CLANG_WARN_RANGE_LOOP_ANALYSIS = YES;
				CLANG_WARN_STRICT_PROTOTYPES = YES;
				CLANG_WARN_SUSPICIOUS_MOVE = YES;
				CLANG_WARN_UNGUARDED_AVAILABILITY = YES_AGGRESSIVE;
				CLANG_WARN_UNREACHABLE_CODE = YES;
				CLANG_WARN__DUPLICATE_METHOD_MATCH = YES;
				COPY_PHASE_STRIP = NO;
				DEBUG_INFORMATION_FORMAT = dwarf;
				ENABLE_STRICT_OBJC_MSGSEND = YES;
				ENABLE_TESTABILITY = YES;
				GCC_C_LANGUAGE_STANDARD = gnu11;
				GCC_DYNAMIC_NO_PIC = NO;
				GCC_NO_COMMON_BLOCKS = YES;
				GCC_OPTIMIZATION_LEVEL = 0;
				GCC_PREPROCESSOR_DEFINITIONS = (
					"DEBUG=1",
					"$(inherited)",
				);
				GCC_WARN_64_TO_32_BIT_CONVERSION = YES;
				GCC_WARN_ABOUT_RETURN_TYPE = YES_ERROR;
				GCC_WARN_UNDECLARED_SELECTOR = YES;
				GCC_WARN_UNINITIALIZED_AUTOS = YES_AGGRESSIVE;
				GCC_WARN_UNUSED_FUNCTION = YES;
				GCC_WARN_UNUSED_VARIABLE = YES;
				IPHONEOS_DEPLOYMENT_TARGET = 12.0;
				MTL_ENABLE_DEBUG_INFO = INCLUDE_SOURCE;
				MTL_FAST_MATH = YES;
				ONLY_ACTIVE_ARCH = YES;
				SDKROOT = iphoneos;
				SWIFT_ACTIVE_COMPILATION_CONDITIONS = DEBUG;
				SWIFT_OPTIMIZATION_LEVEL = "-Onone";
			};
			name = Debug;
		};
		38CA52E0253C50D300AD5AEC /* Release */ = {
			isa = XCBuildConfiguration;
			buildSettings = {
				ALWAYS_SEARCH_USER_PATHS = NO;
				CLANG_ANALYZER_NONNULL = YES;
				CLANG_ANALYZER_NUMBER_OBJECT_CONVERSION = YES_AGGRESSIVE;
				CLANG_CXX_LANGUAGE_STANDARD = "gnu++14";
				CLANG_CXX_LIBRARY = "libc++";
				CLANG_ENABLE_MODULES = YES;
				CLANG_ENABLE_OBJC_ARC = YES;
				CLANG_ENABLE_OBJC_WEAK = YES;
				CLANG_WARN_BLOCK_CAPTURE_AUTORELEASING = YES;
				CLANG_WARN_BOOL_CONVERSION = YES;
				CLANG_WARN_COMMA = YES;
				CLANG_WARN_CONSTANT_CONVERSION = YES;
				CLANG_WARN_DEPRECATED_OBJC_IMPLEMENTATIONS = YES;
				CLANG_WARN_DIRECT_OBJC_ISA_USAGE = YES_ERROR;
				CLANG_WARN_DOCUMENTATION_COMMENTS = YES;
				CLANG_WARN_EMPTY_BODY = YES;
				CLANG_WARN_ENUM_CONVERSION = YES;
				CLANG_WARN_INFINITE_RECURSION = YES;
				CLANG_WARN_INT_CONVERSION = YES;
				CLANG_WARN_NON_LITERAL_NULL_CONVERSION = YES;
				CLANG_WARN_OBJC_IMPLICIT_RETAIN_SELF = YES;
				CLANG_WARN_OBJC_LITERAL_CONVERSION = YES;
				CLANG_WARN_OBJC_ROOT_CLASS = YES_ERROR;
				CLANG_WARN_QUOTED_INCLUDE_IN_FRAMEWORK_HEADER = YES;
				CLANG_WARN_RANGE_LOOP_ANALYSIS = YES;
				CLANG_WARN_STRICT_PROTOTYPES = YES;
				CLANG_WARN_SUSPICIOUS_MOVE = YES;
				CLANG_WARN_UNGUARDED_AVAILABILITY = YES_AGGRESSIVE;
				CLANG_WARN_UNREACHABLE_CODE = YES;
				CLANG_WARN__DUPLICATE_METHOD_MATCH = YES;
				COPY_PHASE_STRIP = NO;
				DEBUG_INFORMATION_FORMAT = "dwarf-with-dsym";
				ENABLE_NS_ASSERTIONS = NO;
				ENABLE_STRICT_OBJC_MSGSEND = YES;
				GCC_C_LANGUAGE_STANDARD = gnu11;
				GCC_NO_COMMON_BLOCKS = YES;
				GCC_WARN_64_TO_32_BIT_CONVERSION = YES;
				GCC_WARN_ABOUT_RETURN_TYPE = YES_ERROR;
				GCC_WARN_UNDECLARED_SELECTOR = YES;
				GCC_WARN_UNINITIALIZED_AUTOS = YES_AGGRESSIVE;
				GCC_WARN_UNUSED_FUNCTION = YES;
				GCC_WARN_UNUSED_VARIABLE = YES;
				IPHONEOS_DEPLOYMENT_TARGET = 12.0;
				MTL_ENABLE_DEBUG_INFO = NO;
				MTL_FAST_MATH = YES;
				SDKROOT = iphoneos;
				SWIFT_COMPILATION_MODE = wholemodule;
				SWIFT_OPTIMIZATION_LEVEL = "-O";
				VALIDATE_PRODUCT = YES;
			};
			name = Release;
		};
		38CA52E2253C50D300AD5AEC /* Debug */ = {
			isa = XCBuildConfiguration;
			baseConfigurationReference = 45E517D43A3897C444F27E8A /* Pods-App.debug.xcconfig */;
			buildSettings = {
				ASSETCATALOG_COMPILER_APPICON_NAME = AppIcon;
				ASSETCATALOG_COMPILER_GLOBAL_ACCENT_COLOR_NAME = AccentColor;
				CODE_SIGN_STYLE = Automatic;
				CURRENT_PROJECT_VERSION = 2;
				DEVELOPMENT_TEAM = 99R4D8SSEQ;
				INFOPLIST_FILE = App/Info.plist;
				LD_RUNPATH_SEARCH_PATHS = (
					"$(inherited)",
					"@executable_path/Frameworks",
				);
				MARKETING_VERSION = 1.0.0;
				PRODUCT_BUNDLE_IDENTIFIER = com.pikciu.bimba;
				PRODUCT_NAME = "$(TARGET_NAME)";
				SWIFT_VERSION = 5.0;
				TARGETED_DEVICE_FAMILY = 1;
			};
			name = Debug;
		};
		38CA52E3253C50D300AD5AEC /* Release */ = {
			isa = XCBuildConfiguration;
			baseConfigurationReference = D5555032B6B9E71D42F0C2B9 /* Pods-App.release.xcconfig */;
			buildSettings = {
				ASSETCATALOG_COMPILER_APPICON_NAME = AppIcon;
				ASSETCATALOG_COMPILER_GLOBAL_ACCENT_COLOR_NAME = AccentColor;
				CODE_SIGN_STYLE = Automatic;
				CURRENT_PROJECT_VERSION = 2;
				DEVELOPMENT_TEAM = 99R4D8SSEQ;
				INFOPLIST_FILE = App/Info.plist;
				LD_RUNPATH_SEARCH_PATHS = (
					"$(inherited)",
					"@executable_path/Frameworks",
				);
				MARKETING_VERSION = 1.0.0;
				PRODUCT_BUNDLE_IDENTIFIER = com.pikciu.bimba;
				PRODUCT_NAME = "$(TARGET_NAME)";
				SWIFT_VERSION = 5.0;
				TARGETED_DEVICE_FAMILY = 1;
			};
			name = Release;
		};
/* End XCBuildConfiguration section */

/* Begin XCConfigurationList section */
		38CA52C8253C50D000AD5AEC /* Build configuration list for PBXProject "App" */ = {
			isa = XCConfigurationList;
			buildConfigurations = (
				38CA52DF253C50D300AD5AEC /* Debug */,
				38CA52E0253C50D300AD5AEC /* Release */,
			);
			defaultConfigurationIsVisible = 0;
			defaultConfigurationName = Release;
		};
		38CA52E1253C50D300AD5AEC /* Build configuration list for PBXNativeTarget "App" */ = {
			isa = XCConfigurationList;
			buildConfigurations = (
				38CA52E2253C50D300AD5AEC /* Debug */,
				38CA52E3253C50D300AD5AEC /* Release */,
			);
			defaultConfigurationIsVisible = 0;
			defaultConfigurationName = Release;
		};
/* End XCConfigurationList section */
	};
	rootObject = 38CA52C5253C50D000AD5AEC /* Project object */;
}
